
Microsoft Visual Studio Solution File, Format Version 12.00
# Visual Studio Version 17
VisualStudioVersion = 17.1.32407.343
MinimumVisualStudioVersion = 10.0.40219.1
Project("{2150E333-8FDC-42A3-9474-1A3956D46DE8}") = "src", "src", "{453ADAE7-C257-4F2F-8B0F-57D8C56AF5F2}"
EndProject
Project("{2150E333-8FDC-42A3-9474-1A3956D46DE8}") = "Domain", "Domain", "{9B836FAD-9BF4-4BD5-B34D-3AB097277128}"
EndProject
Project("{9A19103F-16F7-4668-BE54-9A1E7A4F7556}") = "LTS.Module.Domain", "src\Domain\LTS.Module.Domain\LTS.Module.Domain.csproj", "{A1DE3FB5-A87A-4F3A-85A4-E6BADA835416}"
EndProject
Project("{9A19103F-16F7-4668-BE54-9A1E7A4F7556}") = "LTS.Module.DomainAPI", "src\Domain\LTS.Module.DomainAPI\LTS.Module.DomainAPI.csproj", "{DEAFF92C-B6D6-4832-A85A-CD278F8EE69C}"
EndProject
Project("{2150E333-8FDC-42A3-9474-1A3956D46DE8}") = "Rest", "Rest", "{460E4888-04D1-4124-9D6F-6AE976884E0C}"
EndProject
Project("{9A19103F-16F7-4668-BE54-9A1E7A4F7556}") = "LTS.Module.RestAdapter", "src\Resr\LTS.Module.RestAdapter\LTS.Module.RestAdapter.csproj", "{1E4EC65D-3BD6-484C-A4F0-A4E17D325E81}"
EndProject
Project("{2150E333-8FDC-42A3-9474-1A3956D46DE8}") = "test", "test", "{FF03F84F-DB09-42B8-A07F-52C10937696C}"
EndProject
Project("{2150E333-8FDC-42A3-9474-1A3956D46DE8}") = "Domain", "Domain", "{B028C121-EC61-4C6F-A49A-7964AEDBB01B}"
EndProject
Project("{9A19103F-16F7-4668-BE54-9A1E7A4F7556}") = "LTS.Module.Domain.Tests", "test\Domain\LTS.Module.Domain.Tests\LTS.Module.Domain.Tests.csproj", "{B2F27AAE-0605-4CBB-B6EF-F417765A7FD1}"
EndProject
Project("{9A19103F-16F7-4668-BE54-9A1E7A4F7556}") = "LTS.Module.DomainAPI.Tests", "test\Domain\LTS.Module.DomainAPI.Tests\LTS.Module.DomainAPI.Tests.csproj", "{DEA246FE-247D-4244-AA99-B6EABB90272E}"
EndProject
Project("{2150E333-8FDC-42A3-9474-1A3956D46DE8}") = "Microservices", "Microservices", "{9C6BAA73-F7EB-474A-BB7E-41DFC4EBCBB1}"
EndProject
Project("{9A19103F-16F7-4668-BE54-9A1E7A4F7556}") = "LTS.Module.Rh", "src\Microservices\LTS.Module.Rh\LTS.Module.Rh.csproj", "{767B4EEF-AE95-48E5-8990-1F166753A011}"
EndProject
Project("{2150E333-8FDC-42A3-9474-1A3956D46DE8}") = "Infrastructure", "Infrastructure", "{06D72FC7-C65D-4C10-8DB1-A823E69681B3}"
EndProject
Project("{9A19103F-16F7-4668-BE54-9A1E7A4F7556}") = "LTS.RH.Infrastructure", "src\Infrastructure\LTS.RH.Infrastructure\LTS.RH.Infrastructure.csproj", "{B25F642A-DB14-47F0-B6F4-A147BBF22772}"
EndProject
Project("{2150E333-8FDC-42A3-9474-1A3956D46DE8}") = "Infrastructure", "Infrastructure", "{ED1C198D-2FC5-44F5-8140-41B13B370795}"
EndProject
Project("{9A19103F-16F7-4668-BE54-9A1E7A4F7556}") = "LTS.RH.Infrastructure.Tests", "test\Infrastructure\LTS.RH.Infrastructure.Tests\LTS.RH.Infrastructure.Tests.csproj", "{AEBFDBAB-5E8F-4F13-8FB5-C3CBD26BAC95}"
EndProject
Global
	GlobalSection(SolutionConfigurationPlatforms) = preSolution
		Debug|Any CPU = Debug|Any CPU
		Release|Any CPU = Release|Any CPU
	EndGlobalSection
	GlobalSection(ProjectConfigurationPlatforms) = postSolution
		{A1DE3FB5-A87A-4F3A-85A4-E6BADA835416}.Debug|Any CPU.ActiveCfg = Debug|Any CPU
		{A1DE3FB5-A87A-4F3A-85A4-E6BADA835416}.Debug|Any CPU.Build.0 = Debug|Any CPU
		{A1DE3FB5-A87A-4F3A-85A4-E6BADA835416}.Release|Any CPU.ActiveCfg = Release|Any CPU
		{A1DE3FB5-A87A-4F3A-85A4-E6BADA835416}.Release|Any CPU.Build.0 = Release|Any CPU
		{DEAFF92C-B6D6-4832-A85A-CD278F8EE69C}.Debug|Any CPU.ActiveCfg = Debug|Any CPU
		{DEAFF92C-B6D6-4832-A85A-CD278F8EE69C}.Debug|Any CPU.Build.0 = Debug|Any CPU
		{DEAFF92C-B6D6-4832-A85A-CD278F8EE69C}.Release|Any CPU.ActiveCfg = Release|Any CPU
		{DEAFF92C-B6D6-4832-A85A-CD278F8EE69C}.Release|Any CPU.Build.0 = Release|Any CPU
		{1E4EC65D-3BD6-484C-A4F0-A4E17D325E81}.Debug|Any CPU.ActiveCfg = Debug|Any CPU
		{1E4EC65D-3BD6-484C-A4F0-A4E17D325E81}.Debug|Any CPU.Build.0 = Debug|Any CPU
		{1E4EC65D-3BD6-484C-A4F0-A4E17D325E81}.Release|Any CPU.ActiveCfg = Release|Any CPU
		{1E4EC65D-3BD6-484C-A4F0-A4E17D325E81}.Release|Any CPU.Build.0 = Release|Any CPU
		{B2F27AAE-0605-4CBB-B6EF-F417765A7FD1}.Debug|Any CPU.ActiveCfg = Debug|Any CPU
		{B2F27AAE-0605-4CBB-B6EF-F417765A7FD1}.Debug|Any CPU.Build.0 = Debug|Any CPU
		{B2F27AAE-0605-4CBB-B6EF-F417765A7FD1}.Release|Any CPU.ActiveCfg = Release|Any CPU
		{B2F27AAE-0605-4CBB-B6EF-F417765A7FD1}.Release|Any CPU.Build.0 = Release|Any CPU
		{DEA246FE-247D-4244-AA99-B6EABB90272E}.Debug|Any CPU.ActiveCfg = Debug|Any CPU
		{DEA246FE-247D-4244-AA99-B6EABB90272E}.Debug|Any CPU.Build.0 = Debug|Any CPU
		{DEA246FE-247D-4244-AA99-B6EABB90272E}.Release|Any CPU.ActiveCfg = Release|Any CPU
		{DEA246FE-247D-4244-AA99-B6EABB90272E}.Release|Any CPU.Build.0 = Release|Any CPU
		{767B4EEF-AE95-48E5-8990-1F166753A011}.Debug|Any CPU.ActiveCfg = Debug|Any CPU
		{767B4EEF-AE95-48E5-8990-1F166753A011}.Debug|Any CPU.Build.0 = Debug|Any CPU
		{767B4EEF-AE95-48E5-8990-1F166753A011}.Release|Any CPU.ActiveCfg = Release|Any CPU
		{767B4EEF-AE95-48E5-8990-1F166753A011}.Release|Any CPU.Build.0 = Release|Any CPU
		{B25F642A-DB14-47F0-B6F4-A147BBF22772}.Debug|Any CPU.ActiveCfg = Debug|Any CPU
		{B25F642A-DB14-47F0-B6F4-A147BBF22772}.Debug|Any CPU.Build.0 = Debug|Any CPU
		{B25F642A-DB14-47F0-B6F4-A147BBF22772}.Release|Any CPU.ActiveCfg = Release|Any CPU
		{B25F642A-DB14-47F0-B6F4-A147BBF22772}.Release|Any CPU.Build.0 = Release|Any CPU
		{AEBFDBAB-5E8F-4F13-8FB5-C3CBD26BAC95}.Debug|Any CPU.ActiveCfg = Debug|Any CPU
		{AEBFDBAB-5E8F-4F13-8FB5-C3CBD26BAC95}.Debug|Any CPU.Build.0 = Debug|Any CPU
		{AEBFDBAB-5E8F-4F13-8FB5-C3CBD26BAC95}.Release|Any CPU.ActiveCfg = Release|Any CPU
		{AEBFDBAB-5E8F-4F13-8FB5-C3CBD26BAC95}.Release|Any CPU.Build.0 = Release|Any CPU
	EndGlobalSection
	GlobalSection(SolutionProperties) = preSolution
		HideSolutionNode = FALSE
	EndGlobalSection
	GlobalSection(NestedProjects) = preSolution
		{9B836FAD-9BF4-4BD5-B34D-3AB097277128} = {453ADAE7-C257-4F2F-8B0F-57D8C56AF5F2}
		{A1DE3FB5-A87A-4F3A-85A4-E6BADA835416} = {9B836FAD-9BF4-4BD5-B34D-3AB097277128}
		{DEAFF92C-B6D6-4832-A85A-CD278F8EE69C} = {9B836FAD-9BF4-4BD5-B34D-3AB097277128}
		{460E4888-04D1-4124-9D6F-6AE976884E0C} = {453ADAE7-C257-4F2F-8B0F-57D8C56AF5F2}
		{1E4EC65D-3BD6-484C-A4F0-A4E17D325E81} = {460E4888-04D1-4124-9D6F-6AE976884E0C}
		{B028C121-EC61-4C6F-A49A-7964AEDBB01B} = {FF03F84F-DB09-42B8-A07F-52C10937696C}
		{B2F27AAE-0605-4CBB-B6EF-F417765A7FD1} = {B028C121-EC61-4C6F-A49A-7964AEDBB01B}
		{DEA246FE-247D-4244-AA99-B6EABB90272E} = {B028C121-EC61-4C6F-A49A-7964AEDBB01B}
		{9C6BAA73-F7EB-474A-BB7E-41DFC4EBCBB1} = {453ADAE7-C257-4F2F-8B0F-57D8C56AF5F2}
		{767B4EEF-AE95-48E5-8990-1F166753A011} = {9C6BAA73-F7EB-474A-BB7E-41DFC4EBCBB1}
		{06D72FC7-C65D-4C10-8DB1-A823E69681B3} = {453ADAE7-C257-4F2F-8B0F-57D8C56AF5F2}
		{B25F642A-DB14-47F0-B6F4-A147BBF22772} = {06D72FC7-C65D-4C10-8DB1-A823E69681B3}
		{ED1C198D-2FC5-44F5-8140-41B13B370795} = {FF03F84F-DB09-42B8-A07F-52C10937696C}
		{AEBFDBAB-5E8F-4F13-8FB5-C3CBD26BAC95} = {ED1C198D-2FC5-44F5-8140-41B13B370795}
	EndGlobalSection
	GlobalSection(ExtensibilityGlobals) = postSolution
		SolutionGuid = {0F63F2EE-93FF-4452-8BB0-F1266C26CD05}
	EndGlobalSection
EndGlobal
